
Microsoft Visual Studio Solution File, Format Version 12.00
# Visual Studio Version 16
VisualStudioVersion = 16.0.30523.141
MinimumVisualStudioVersion = 10.0.40219.1
Project("{9A19103F-16F7-4668-BE54-9A1E7A4F7556}") = "ProjectManagementSystemAPI", "ProjectManagementSystemAPI\ProjectManagementSystemAPI.csproj", "{C862D73A-716D-4395-9ADE-37F471A2C688}"
EndProject
Project("{FAE04EC0-301F-11D3-BF4B-00C04F79EFBC}") = "ProjectManagementSystemAPI.Data", "ProjectManagementSystemAPI.Data\ProjectManagementSystemAPI.Data.csproj", "{6229134A-967A-42D9-8F41-19BE3B36841A}"
EndProject
Project("{FAE04EC0-301F-11D3-BF4B-00C04F79EFBC}") = "ProjectManagementSystemAPI.Services", "ProjectManagementSystemAPI.Services\ProjectManagementSystemAPI.Services.csproj", "{520ADE5C-4A88-4938-BD71-95AEE61DF37F}"
EndProject
Global
	GlobalSection(SolutionConfigurationPlatforms) = preSolution
		Debug|Any CPU = Debug|Any CPU
		Release|Any CPU = Release|Any CPU
	EndGlobalSection
	GlobalSection(ProjectConfigurationPlatforms) = postSolution
		{C862D73A-716D-4395-9ADE-37F471A2C688}.Debug|Any CPU.ActiveCfg = Debug|Any CPU
		{C862D73A-716D-4395-9ADE-37F471A2C688}.Debug|Any CPU.Build.0 = Debug|Any CPU
		{C862D73A-716D-4395-9ADE-37F471A2C688}.Release|Any CPU.ActiveCfg = Release|Any CPU
		{C862D73A-716D-4395-9ADE-37F471A2C688}.Release|Any CPU.Build.0 = Release|Any CPU
		{6229134A-967A-42D9-8F41-19BE3B36841A}.Debug|Any CPU.ActiveCfg = Debug|Any CPU
		{6229134A-967A-42D9-8F41-19BE3B36841A}.Debug|Any CPU.Build.0 = Debug|Any CPU
		{6229134A-967A-42D9-8F41-19BE3B36841A}.Release|Any CPU.ActiveCfg = Release|Any CPU
		{6229134A-967A-42D9-8F41-19BE3B36841A}.Release|Any CPU.Build.0 = Release|Any CPU
		{520ADE5C-4A88-4938-BD71-95AEE61DF37F}.Debug|Any CPU.ActiveCfg = Debug|Any CPU
		{520ADE5C-4A88-4938-BD71-95AEE61DF37F}.Debug|Any CPU.Build.0 = Debug|Any CPU
		{520ADE5C-4A88-4938-BD71-95AEE61DF37F}.Release|Any CPU.ActiveCfg = Release|Any CPU
		{520ADE5C-4A88-4938-BD71-95AEE61DF37F}.Release|Any CPU.Build.0 = Release|Any CPU
	EndGlobalSection
	GlobalSection(SolutionProperties) = preSolution
		HideSolutionNode = FALSE
	EndGlobalSection
	GlobalSection(ExtensibilityGlobals) = postSolution
		SolutionGuid = {9E1709AD-12DE-4768-A6A9-47B594ADBBBE}
	EndGlobalSection
EndGlobal
